<?xml version="1.0" encoding="UTF-8"?>
<!DOCTYPE plist PUBLIC "-//Apple//DTD PLIST 1.0//EN" "http://www.apple.com/DTDs/PropertyList-1.0.dtd">
<plist version="1.0">
<dict>
	<key>archiveVersion</key>
	<string>1</string>
	<key>classes</key>
	<dict/>
	<key>objectVersion</key>
	<string>46</string>
	<key>objects</key>
	<dict>
		<key>EE272EAC179F136900EC102D</key>
		<dict>
			<key>fileEncoding</key>
			<string>4</string>
			<key>isa</key>
			<string>PBXFileReference</string>
			<key>lastKnownFileType</key>
			<string>sourcecode.c.h</string>
			<key>path</key>
			<string>ServiceTypeViewController.h</string>
			<key>sourceTree</key>
			<string>&lt;group&gt;</string>
		</dict>
		<key>EE272EAD179F136900EC102D</key>
		<dict>
			<key>fileEncoding</key>
			<string>4</string>
			<key>isa</key>
			<string>PBXFileReference</string>
			<key>lastKnownFileType</key>
			<string>sourcecode.c.objc</string>
			<key>path</key>
			<string>ServiceTypeViewController.m</string>
			<key>sourceTree</key>
			<string>&lt;group&gt;</string>
		</dict>
		<key>EE272EAE179F136900EC102D</key>
		<dict>
			<key>fileRef</key>
			<string>EE272EAD179F136900EC102D</string>
			<key>isa</key>
			<string>PBXBuildFile</string>
		</dict>
		<key>EE297AB91810E17600BFDEF1</key>
		<dict>
			<key>fileRef</key>
			<string>EEE1B95C18100BDB00E40FD9</string>
			<key>isa</key>
			<string>PBXBuildFile</string>
		</dict>
		<key>EE30024317FD965D00A7A847</key>
		<dict>
			<key>fileEncoding</key>
			<string>4</string>
			<key>isa</key>
			<string>PBXFileReference</string>
			<key>lastKnownFileType</key>
			<string>sourcecode.c.h</string>
			<key>path</key>
			<string>ALScrollViewPaging.h</string>
			<key>sourceTree</key>
			<string>&lt;group&gt;</string>
		</dict>
		<key>EE30024417FD965D00A7A847</key>
		<dict>
			<key>fileEncoding</key>
			<string>4</string>
			<key>isa</key>
			<string>PBXFileReference</string>
			<key>lastKnownFileType</key>
			<string>sourcecode.c.objc</string>
			<key>path</key>
			<string>ALScrollViewPaging.m</string>
			<key>sourceTree</key>
			<string>&lt;group&gt;</string>
		</dict>
		<key>EE30024517FD965D00A7A847</key>
		<dict>
			<key>fileRef</key>
			<string>EE30024417FD965D00A7A847</string>
			<key>isa</key>
			<string>PBXBuildFile</string>
		</dict>
		<key>EE30024617FD966000A7A847</key>
		<dict>
			<key>children</key>
			<array>
				<string>EE30024317FD965D00A7A847</string>
				<string>EE30024417FD965D00A7A847</string>
			</array>
			<key>isa</key>
			<string>PBXGroup</string>
			<key>name</key>
			<string>ALScrollViewPaging</string>
			<key>sourceTree</key>
			<string>&lt;group&gt;</string>
		</dict>
		<key>EE30024717FE5CD400A7A847</key>
		<dict>
			<key>children</key>
			<array>
				<string>EEC2088E1777568900EE0B5A</string>
				<string>EEC2088F1777568900EE0B5A</string>
			</array>
			<key>isa</key>
			<string>PBXGroup</string>
			<key>name</key>
			<string>App Delegate</string>
			<key>sourceTree</key>
			<string>&lt;group&gt;</string>
		</dict>
		<key>EE4D2F1917AAE8BC00EEE6D1</key>
		<dict>
			<key>fileEncoding</key>
			<string>4</string>
			<key>isa</key>
			<string>PBXFileReference</string>
			<key>lastKnownFileType</key>
			<string>sourcecode.c.h</string>
			<key>path</key>
			<string>ContactUsViewController.h</string>
			<key>sourceTree</key>
			<string>&lt;group&gt;</string>
		</dict>
		<key>EE4D2F1A17AAE8BC00EEE6D1</key>
		<dict>
			<key>fileEncoding</key>
			<string>4</string>
			<key>isa</key>
			<string>PBXFileReference</string>
			<key>lastKnownFileType</key>
			<string>sourcecode.c.objc</string>
			<key>path</key>
			<string>ContactUsViewController.m</string>
			<key>sourceTree</key>
			<string>&lt;group&gt;</string>
			<key>tabWidth</key>
			<string>5</string>
			<key>usesTabs</key>
			<string>0</string>
			<key>wrapsLines</key>
			<string>1</string>
		</dict>
		<key>EE4D2F1B17AAE8BC00EEE6D1</key>
		<dict>
			<key>fileRef</key>
			<string>EE4D2F1A17AAE8BC00EEE6D1</string>
			<key>isa</key>
			<string>PBXBuildFile</string>
		</dict>
		<key>EE6A8F4B179DDC7C0075D810</key>
		<dict>
			<key>fileEncoding</key>
			<string>4</string>
			<key>isa</key>
			<string>PBXFileReference</string>
			<key>lastKnownFileType</key>
			<string>sourcecode.c.h</string>
			<key>path</key>
			<string>ServiceFormViewController.h</string>
			<key>sourceTree</key>
			<string>&lt;group&gt;</string>
		</dict>
		<key>EE6A8F4C179DDC7C0075D810</key>
		<dict>
			<key>fileEncoding</key>
			<string>4</string>
			<key>isa</key>
			<string>PBXFileReference</string>
			<key>lastKnownFileType</key>
			<string>sourcecode.c.objc</string>
			<key>path</key>
			<string>ServiceFormViewController.m</string>
			<key>sourceTree</key>
			<string>&lt;group&gt;</string>
		</dict>
		<key>EE6A8F4D179DDC7C0075D810</key>
		<dict>
			<key>fileRef</key>
			<string>EE6A8F4C179DDC7C0075D810</string>
			<key>isa</key>
			<string>PBXBuildFile</string>
		</dict>
		<key>EE703E8317F3D8E700F1BC01</key>
		<dict>
			<key>isa</key>
			<string>PBXFileReference</string>
			<key>lastKnownFileType</key>
			<string>wrapper.framework</string>
			<key>name</key>
			<string>MapKit.framework</string>
			<key>path</key>
			<string>System/Library/Frameworks/MapKit.framework</string>
			<key>sourceTree</key>
			<string>SDKROOT</string>
		</dict>
		<key>EE703E8417F3D8E700F1BC01</key>
		<dict>
			<key>fileRef</key>
			<string>EE703E8317F3D8E700F1BC01</string>
			<key>isa</key>
			<string>PBXBuildFile</string>
		</dict>
		<key>EE796BAA18283BFB0008D09A</key>
		<dict>
			<key>buildActionMask</key>
			<string>2147483647</string>
			<key>files</key>
			<array>
				<string>EE796BBC18283BFB0008D09A</string>
			</array>
			<key>isa</key>
			<string>PBXSourcesBuildPhase</string>
			<key>runOnlyForDeploymentPostprocessing</key>
			<string>0</string>
		</dict>
		<key>EE796BAB18283BFB0008D09A</key>
		<dict>
			<key>buildActionMask</key>
			<string>2147483647</string>
			<key>files</key>
			<array>
				<string>EE796BB018283BFB0008D09A</string>
				<string>EE796BB418283BFB0008D09A</string>
				<string>EE796BB218283BFB0008D09A</string>
			</array>
			<key>isa</key>
			<string>PBXFrameworksBuildPhase</string>
			<key>runOnlyForDeploymentPostprocessing</key>
			<string>0</string>
		</dict>
		<key>EE796BAC18283BFB0008D09A</key>
		<dict>
			<key>buildActionMask</key>
			<string>2147483647</string>
			<key>files</key>
			<array>
				<string>EE796BBA18283BFB0008D09A</string>
			</array>
			<key>isa</key>
			<string>PBXResourcesBuildPhase</string>
			<key>runOnlyForDeploymentPostprocessing</key>
			<string>0</string>
		</dict>
		<key>EE796BAD18283BFB0008D09A</key>
		<dict>
			<key>buildConfigurationList</key>
			<string>EE796BC018283BFB0008D09A</string>
			<key>buildPhases</key>
			<array>
				<string>EE796BAA18283BFB0008D09A</string>
				<string>EE796BAB18283BFB0008D09A</string>
				<string>EE796BAC18283BFB0008D09A</string>
				<string>OBJCLEANCUSTOMRUNSCRIPTT</string>
			</array>
			<key>buildRules</key>
			<array/>
			<key>dependencies</key>
			<array>
				<string>EE796BBF18283BFB0008D09A</string>
			</array>
			<key>isa</key>
			<string>PBXNativeTarget</string>
			<key>name</key>
			<string>AssuranceHVAC Tests</string>
			<key>productName</key>
			<string>AssuranceHVAC Tests</string>
			<key>productReference</key>
			<string>EE796BAE18283BFB0008D09A</string>
			<key>productType</key>
			<string>com.apple.product-type.bundle.unit-test</string>
		</dict>
		<key>EE796BAE18283BFB0008D09A</key>
		<dict>
			<key>explicitFileType</key>
			<string>wrapper.cfbundle</string>
			<key>includeInIndex</key>
			<string>0</string>
			<key>isa</key>
			<string>PBXFileReference</string>
			<key>path</key>
			<string>AssuranceHVAC Tests.xctest</string>
			<key>sourceTree</key>
			<string>BUILT_PRODUCTS_DIR</string>
		</dict>
		<key>EE796BAF18283BFB0008D09A</key>
		<dict>
			<key>isa</key>
			<string>PBXFileReference</string>
			<key>lastKnownFileType</key>
			<string>wrapper.framework</string>
			<key>name</key>
			<string>XCTest.framework</string>
			<key>path</key>
			<string>Library/Frameworks/XCTest.framework</string>
			<key>sourceTree</key>
			<string>DEVELOPER_DIR</string>
		</dict>
		<key>EE796BB018283BFB0008D09A</key>
		<dict>
			<key>fileRef</key>
			<string>EE796BAF18283BFB0008D09A</string>
			<key>isa</key>
			<string>PBXBuildFile</string>
		</dict>
		<key>EE796BB118283BFB0008D09A</key>
		<dict>
			<key>isa</key>
			<string>PBXFileReference</string>
			<key>lastKnownFileType</key>
			<string>wrapper.framework</string>
			<key>name</key>
			<string>Foundation.framework</string>
			<key>path</key>
			<string>Library/Frameworks/Foundation.framework</string>
			<key>sourceTree</key>
			<string>DEVELOPER_DIR</string>
		</dict>
		<key>EE796BB218283BFB0008D09A</key>
		<dict>
			<key>fileRef</key>
			<string>EE796BB118283BFB0008D09A</string>
			<key>isa</key>
			<string>PBXBuildFile</string>
		</dict>
		<key>EE796BB318283BFB0008D09A</key>
		<dict>
			<key>isa</key>
			<string>PBXFileReference</string>
			<key>lastKnownFileType</key>
			<string>wrapper.framework</string>
			<key>name</key>
			<string>UIKit.framework</string>
			<key>path</key>
			<string>Library/Frameworks/UIKit.framework</string>
			<key>sourceTree</key>
			<string>DEVELOPER_DIR</string>
		</dict>
		<key>EE796BB418283BFB0008D09A</key>
		<dict>
			<key>fileRef</key>
			<string>EE796BB318283BFB0008D09A</string>
			<key>isa</key>
			<string>PBXBuildFile</string>
		</dict>
		<key>EE796BB518283BFB0008D09A</key>
		<dict>
			<key>children</key>
			<array>
				<string>EE796BBB18283BFB0008D09A</string>
				<string>EE796BB618283BFB0008D09A</string>
			</array>
			<key>isa</key>
			<string>PBXGroup</string>
			<key>path</key>
			<string>AssuranceHVAC Tests</string>
			<key>sourceTree</key>
			<string>&lt;group&gt;</string>
		</dict>
		<key>EE796BB618283BFB0008D09A</key>
		<dict>
			<key>children</key>
			<array>
				<string>EE796BB718283BFB0008D09A</string>
				<string>EE796BB818283BFB0008D09A</string>
				<string>EE796BBD18283BFB0008D09A</string>
			</array>
			<key>isa</key>
			<string>PBXGroup</string>
			<key>name</key>
			<string>Supporting Files</string>
			<key>sourceTree</key>
			<string>&lt;group&gt;</string>
		</dict>
		<key>EE796BB718283BFB0008D09A</key>
		<dict>
			<key>isa</key>
			<string>PBXFileReference</string>
			<key>lastKnownFileType</key>
			<string>text.plist.xml</string>
			<key>path</key>
			<string>AssuranceHVAC Tests-Info.plist</string>
			<key>sourceTree</key>
			<string>&lt;group&gt;</string>
		</dict>
		<key>EE796BB818283BFB0008D09A</key>
		<dict>
			<key>children</key>
			<array>
				<string>EE796BB918283BFB0008D09A</string>
			</array>
			<key>isa</key>
			<string>PBXVariantGroup</string>
			<key>name</key>
			<string>InfoPlist.strings</string>
			<key>sourceTree</key>
			<string>&lt;group&gt;</string>
		</dict>
		<key>EE796BB918283BFB0008D09A</key>
		<dict>
			<key>isa</key>
			<string>PBXFileReference</string>
			<key>lastKnownFileType</key>
			<string>text.plist.strings</string>
			<key>name</key>
			<string>en</string>
			<key>path</key>
			<string>en.lproj/InfoPlist.strings</string>
			<key>sourceTree</key>
			<string>&lt;group&gt;</string>
		</dict>
		<key>EE796BBA18283BFB0008D09A</key>
		<dict>
			<key>fileRef</key>
			<string>EE796BB818283BFB0008D09A</string>
			<key>isa</key>
			<string>PBXBuildFile</string>
		</dict>
		<key>EE796BBB18283BFB0008D09A</key>
		<dict>
			<key>isa</key>
			<string>PBXFileReference</string>
			<key>lastKnownFileType</key>
			<string>sourcecode.c.objc</string>
			<key>path</key>
			<string>AssuranceHVAC_Tests.m</string>
			<key>sourceTree</key>
			<string>&lt;group&gt;</string>
		</dict>
		<key>EE796BBC18283BFB0008D09A</key>
		<dict>
			<key>fileRef</key>
			<string>EE796BBB18283BFB0008D09A</string>
			<key>isa</key>
			<string>PBXBuildFile</string>
		</dict>
		<key>EE796BBD18283BFB0008D09A</key>
		<dict>
			<key>isa</key>
			<string>PBXFileReference</string>
			<key>lastKnownFileType</key>
			<string>sourcecode.c.h</string>
			<key>path</key>
			<string>AssuranceHVAC Tests-Prefix.pch</string>
			<key>sourceTree</key>
			<string>&lt;group&gt;</string>
		</dict>
		<key>EE796BBE18283BFB0008D09A</key>
		<dict>
			<key>containerPortal</key>
			<string>EEC208741777568900EE0B5A</string>
			<key>isa</key>
			<string>PBXContainerItemProxy</string>
			<key>proxyType</key>
			<string>1</string>
			<key>remoteGlobalIDString</key>
			<string>EEC2087B1777568900EE0B5A</string>
			<key>remoteInfo</key>
			<string>AssuranceHVAC</string>
		</dict>
		<key>EE796BBF18283BFB0008D09A</key>
		<dict>
			<key>isa</key>
			<string>PBXTargetDependency</string>
			<key>target</key>
			<string>EEC2087B1777568900EE0B5A</string>
			<key>targetProxy</key>
			<string>EE796BBE18283BFB0008D09A</string>
		</dict>
		<key>EE796BC018283BFB0008D09A</key>
		<dict>
			<key>buildConfigurations</key>
			<array>
				<string>EE796BC118283BFB0008D09A</string>
				<string>EE796BC218283BFB0008D09A</string>
			</array>
			<key>defaultConfigurationIsVisible</key>
			<string>0</string>
			<key>defaultConfigurationName</key>
			<string>Release</string>
			<key>isa</key>
			<string>XCConfigurationList</string>
		</dict>
		<key>EE796BC118283BFB0008D09A</key>
		<dict>
			<key>buildSettings</key>
			<dict>
				<key>ARCHS</key>
				<string>$(ARCHS_STANDARD_INCLUDING_64_BIT)</string>
				<key>BUNDLE_LOADER</key>
				<string>$(BUILT_PRODUCTS_DIR)/AssuranceHVAC.app/AssuranceHVAC</string>
				<key>CLANG_ENABLE_MODULES</key>
				<string>YES</string>
				<key>CLANG_WARN_BOOL_CONVERSION</key>
				<string>YES</string>
				<key>CLANG_WARN_DIRECT_OBJC_ISA_USAGE</key>
				<string>YES_ERROR</string>
				<key>CLANG_WARN_OBJC_ROOT_CLASS</key>
				<string>YES_ERROR</string>
				<key>FRAMEWORK_SEARCH_PATHS</key>
				<array>
					<string>$(SDKROOT)/Developer/Library/Frameworks</string>
					<string>$(inherited)</string>
					<string>$(DEVELOPER_FRAMEWORKS_DIR)</string>
				</array>
				<key>GCC_PRECOMPILE_PREFIX_HEADER</key>
				<string>YES</string>
				<key>GCC_PREFIX_HEADER</key>
				<string>AssuranceHVAC Tests/AssuranceHVAC Tests-Prefix.pch</string>
				<key>GCC_PREPROCESSOR_DEFINITIONS</key>
				<array>
					<string>DEBUG=1</string>
					<string>$(inherited)</string>
				</array>
				<key>GCC_WARN_64_TO_32_BIT_CONVERSION</key>
				<string>YES</string>
				<key>GCC_WARN_ABOUT_RETURN_TYPE</key>
				<string>YES_ERROR</string>
				<key>GCC_WARN_UNDECLARED_SELECTOR</key>
				<string>YES</string>
				<key>GCC_WARN_UNUSED_FUNCTION</key>
				<string>YES</string>
				<key>INFOPLIST_FILE</key>
				<string>AssuranceHVAC Tests/AssuranceHVAC Tests-Info.plist</string>
				<key>IPHONEOS_DEPLOYMENT_TARGET</key>
				<string>7.0</string>
				<key>PRODUCT_NAME</key>
				<string>$(TARGET_NAME)</string>
				<key>TEST_HOST</key>
				<string>$(BUNDLE_LOADER)</string>
				<key>WRAPPER_EXTENSION</key>
				<string>xctest</string>
			</dict>
			<key>isa</key>
			<string>XCBuildConfiguration</string>
			<key>name</key>
			<string>Debug</string>
		</dict>
		<key>EE796BC218283BFB0008D09A</key>
		<dict>
			<key>buildSettings</key>
			<dict>
				<key>ARCHS</key>
				<string>$(ARCHS_STANDARD_INCLUDING_64_BIT)</string>
				<key>BUNDLE_LOADER</key>
				<string>$(BUILT_PRODUCTS_DIR)/AssuranceHVAC.app/AssuranceHVAC</string>
				<key>CLANG_ENABLE_MODULES</key>
				<string>YES</string>
				<key>CLANG_WARN_BOOL_CONVERSION</key>
				<string>YES</string>
				<key>CLANG_WARN_DIRECT_OBJC_ISA_USAGE</key>
				<string>YES_ERROR</string>
				<key>CLANG_WARN_OBJC_ROOT_CLASS</key>
				<string>YES_ERROR</string>
				<key>ENABLE_NS_ASSERTIONS</key>
				<string>NO</string>
				<key>FRAMEWORK_SEARCH_PATHS</key>
				<array>
					<string>$(SDKROOT)/Developer/Library/Frameworks</string>
					<string>$(inherited)</string>
					<string>$(DEVELOPER_FRAMEWORKS_DIR)</string>
				</array>
				<key>GCC_PRECOMPILE_PREFIX_HEADER</key>
				<string>YES</string>
				<key>GCC_PREFIX_HEADER</key>
				<string>AssuranceHVAC Tests/AssuranceHVAC Tests-Prefix.pch</string>
				<key>GCC_WARN_64_TO_32_BIT_CONVERSION</key>
				<string>YES</string>
				<key>GCC_WARN_ABOUT_RETURN_TYPE</key>
				<string>YES_ERROR</string>
				<key>GCC_WARN_UNDECLARED_SELECTOR</key>
				<string>YES</string>
				<key>GCC_WARN_UNUSED_FUNCTION</key>
				<string>YES</string>
				<key>INFOPLIST_FILE</key>
				<string>AssuranceHVAC Tests/AssuranceHVAC Tests-Info.plist</string>
				<key>IPHONEOS_DEPLOYMENT_TARGET</key>
				<string>7.0</string>
				<key>PRODUCT_NAME</key>
				<string>$(TARGET_NAME)</string>
				<key>TEST_HOST</key>
				<string>$(BUNDLE_LOADER)</string>
				<key>WRAPPER_EXTENSION</key>
				<string>xctest</string>
			</dict>
			<key>isa</key>
			<string>XCBuildConfiguration</string>
			<key>name</key>
			<string>Release</string>
		</dict>
		<key>EE947D711800A4C400E43760</key>
		<dict>
			<key>buildActionMask</key>
			<string>2147483647</string>
			<key>files</key>
			<array/>
			<key>inputPaths</key>
			<array/>
			<key>isa</key>
			<string>PBXShellScriptBuildPhase</string>
			<key>name</key>
			<string>Increment Build Number</string>
			<key>outputPaths</key>
			<array/>
			<key>runOnlyForDeploymentPostprocessing</key>
			<string>0</string>
			<key>shellPath</key>
			<string>/bin/bash</string>
			<key>shellScript</key>
			<string>buildNumber=$(/usr/libexec/PlistBuddy -c "Print CFBundleVersion" "${PROJECT_DIR}/${INFOPLIST_FILE}")
buildNumber=$(($buildNumber + 1))
/usr/libexec/PlistBuddy -c "Set :CFBundleVersion $buildNumber" "${PROJECT_DIR}/${INFOPLIST_FILE}"</string>
		</dict>
		<key>EE947D9F1801FF6800E43760</key>
		<dict>
			<key>fileEncoding</key>
			<string>4</string>
			<key>isa</key>
			<string>PBXFileReference</string>
			<key>lastKnownFileType</key>
			<string>sourcecode.c.h</string>
			<key>path</key>
			<string>CouponsViewController.h</string>
			<key>sourceTree</key>
			<string>&lt;group&gt;</string>
		</dict>
		<key>EE947DA01801FF6800E43760</key>
		<dict>
			<key>fileEncoding</key>
			<string>4</string>
			<key>isa</key>
			<string>PBXFileReference</string>
			<key>lastKnownFileType</key>
			<string>sourcecode.c.objc</string>
			<key>path</key>
			<string>CouponsViewController.m</string>
			<key>sourceTree</key>
			<string>&lt;group&gt;</string>
		</dict>
		<key>EE947DA11801FF6800E43760</key>
		<dict>
			<key>fileRef</key>
			<string>EE947DA01801FF6800E43760</string>
			<key>isa</key>
			<string>PBXBuildFile</string>
		</dict>
		<key>EE9B39561826E9DC00452192</key>
		<dict>
			<key>fileEncoding</key>
			<string>4</string>
			<key>isa</key>
			<string>PBXFileReference</string>
			<key>lastKnownFileType</key>
			<string>sourcecode.c.h</string>
			<key>path</key>
			<string>Coupons.h</string>
			<key>sourceTree</key>
			<string>&lt;group&gt;</string>
		</dict>
		<key>EE9B39571826E9DC00452192</key>
		<dict>
			<key>fileEncoding</key>
			<string>4</string>
			<key>isa</key>
			<string>PBXFileReference</string>
			<key>lastKnownFileType</key>
			<string>sourcecode.c.objc</string>
			<key>path</key>
			<string>Coupons.m</string>
			<key>sourceTree</key>
			<string>&lt;group&gt;</string>
		</dict>
		<key>EE9B39581826E9DC00452192</key>
		<dict>
			<key>fileRef</key>
			<string>EE9B39571826E9DC00452192</string>
			<key>isa</key>
			<string>PBXBuildFile</string>
		</dict>
		<key>EE9B39591826FCE700452192</key>
		<dict>
			<key>children</key>
			<array>
				<string>EEEA525F1825B31C00F66162</string>
				<string>EEEA52601825B31C00F66162</string>
				<string>EEEA52611825B31C00F66162</string>
				<string>EEEA52621825B31C00F66162</string>
			</array>
			<key>isa</key>
			<string>PBXGroup</string>
			<key>name</key>
			<string>TestFlight-2.0.2</string>
			<key>sourceTree</key>
			<string>&lt;group&gt;</string>
		</dict>
		<key>EE9F8EA7179507A900D7C7CA</key>
		<dict>
			<key>children</key>
			<array>
				<string>EEDB5D0617B4A40D003E8E3C</string>
				<string>EEDB5D0717B4A40D003E8E3C</string>
			</array>
			<key>isa</key>
			<string>PBXGroup</string>
			<key>name</key>
			<string>About Us View Controller</string>
			<key>sourceTree</key>
			<string>&lt;group&gt;</string>
		</dict>
		<key>EEA2CAB117DC1BBC009546CF</key>
		<dict>
			<key>children</key>
			<array>
				<string>EEE1B96018100C0000E40FD9</string>
				<string>EEE1B95E18100BEE00E40FD9</string>
				<string>EEE1B95C18100BDB00E40FD9</string>
				<string>EEE1B95A18100BCD00E40FD9</string>
				<string>EEE1B95818100BC300E40FD9</string>
				<string>EEE1B95618100B3C00E40FD9</string>
				<string>EE703E8317F3D8E700F1BC01</string>
				<string>EE796BAF18283BFB0008D09A</string>
				<string>EE796BB118283BFB0008D09A</string>
				<string>EE796BB318283BFB0008D09A</string>
			</array>
			<key>isa</key>
			<string>PBXGroup</string>
			<key>name</key>
			<string>Frameworks</string>
			<key>sourceTree</key>
			<string>&lt;group&gt;</string>
		</dict>
		<key>EEC208731777568900EE0B5A</key>
		<dict>
			<key>children</key>
			<array>
				<string>EEC208851777568900EE0B5A</string>
				<string>EE796BB518283BFB0008D09A</string>
				<string>EEA2CAB117DC1BBC009546CF</string>
				<string>EEC2087D1777568900EE0B5A</string>
			</array>
			<key>isa</key>
			<string>PBXGroup</string>
			<key>sourceTree</key>
			<string>&lt;group&gt;</string>
		</dict>
		<key>EEC208741777568900EE0B5A</key>
		<dict>
			<key>attributes</key>
			<dict>
				<key>LastUpgradeCheck</key>
				<string>0460</string>
				<key>ORGANIZATIONNAME</key>
				<string>Boiling Point Entertainment</string>
				<key>TargetAttributes</key>
				<dict>
					<key>EE796BAD18283BFB0008D09A</key>
					<dict>
						<key>TestTargetID</key>
						<string>EEC2087B1777568900EE0B5A</string>
					</dict>
					<key>EEC2087B1777568900EE0B5A</key>
					<dict>
						<key>DevelopmentTeam</key>
						<string>3K22YJAJ77</string>
						<key>SystemCapabilities</key>
						<dict>
							<key>com.apple.iOS</key>
							<dict>
								<key>enabled</key>
								<string>1</string>
							</dict>
						</dict>
					</dict>
				</dict>
			</dict>
			<key>buildConfigurationList</key>
			<string>EEC208771777568900EE0B5A</string>
			<key>compatibilityVersion</key>
			<string>Xcode 3.2</string>
			<key>developmentRegion</key>
			<string>English</string>
			<key>hasScannedForEncodings</key>
			<string>0</string>
			<key>isa</key>
			<string>PBXProject</string>
			<key>knownRegions</key>
			<array>
				<string>en</string>
				<string>de</string>
				<string>es</string>
				<string>fr</string>
				<string>it</string>
				<string>ja</string>
				<string>ko</string>
				<string>pt</string>
				<string>ru</string>
				<string>zh-Hans</string>
			</array>
			<key>mainGroup</key>
			<string>EEC208731777568900EE0B5A</string>
			<key>productRefGroup</key>
			<string>EEC2087D1777568900EE0B5A</string>
			<key>projectDirPath</key>
			<string></string>
			<key>projectRoot</key>
			<string></string>
			<key>targets</key>
			<array>
				<string>EEC2087B1777568900EE0B5A</string>
				<string>EE796BAD18283BFB0008D09A</string>
			</array>
		</dict>
		<key>EEC208771777568900EE0B5A</key>
		<dict>
			<key>buildConfigurations</key>
			<array>
				<string>EEC208A81777568900EE0B5A</string>
				<string>EEC208A91777568900EE0B5A</string>
			</array>
			<key>defaultConfigurationIsVisible</key>
			<string>0</string>
			<key>defaultConfigurationName</key>
			<string>Release</string>
			<key>isa</key>
			<string>XCConfigurationList</string>
		</dict>
		<key>EEC208781777568900EE0B5A</key>
		<dict>
			<key>buildActionMask</key>
			<string>2147483647</string>
			<key>files</key>
			<array>
				<string>EEC2088C1777568900EE0B5A</string>
				<string>EEC6B54917D4433A003B3EEE</string>
				<string>EEC6B54817D4433A003B3EEE</string>
				<string>EE30024517FD965D00A7A847</string>
				<string>EEC208901777568900EE0B5A</string>
				<string>EE6A8F4D179DDC7C0075D810</string>
				<string>EE272EAE179F136900EC102D</string>
				<string>EE4D2F1B17AAE8BC00EEE6D1</string>
				<string>EEF896D417B0998E00C3F17A</string>
				<string>EEDB5D0817B4A40D003E8E3C</string>
				<string>EE947DA11801FF6800E43760</string>
				<string>EEDB5D0F17B4B038003E8E3C</string>
				<string>EEDB5D1217B553F7003E8E3C</string>
				<string>EE9B39581826E9DC00452192</string>
			</array>
			<key>isa</key>
			<string>PBXSourcesBuildPhase</string>
			<key>runOnlyForDeploymentPostprocessing</key>
			<string>0</string>
		</dict>
		<key>EEC208791777568900EE0B5A</key>
		<dict>
			<key>buildActionMask</key>
			<string>2147483647</string>
			<key>files</key>
			<array>
				<string>EE297AB91810E17600BFDEF1</string>
				<string>EEE1B96118100C0000E40FD9</string>
				<string>EEE1B95F18100BEE00E40FD9</string>
				<string>EEEA52631825B31C00F66162</string>
				<string>EEE1B95918100BC300E40FD9</string>
				<string>EEE1B95718100B3C00E40FD9</string>
				<string>EE703E8417F3D8E700F1BC01</string>
				<string>EEE1B95518100A0400E40FD9</string>
			</array>
			<key>isa</key>
			<string>PBXFrameworksBuildPhase</string>
			<key>runOnlyForDeploymentPostprocessing</key>
			<string>0</string>
		</dict>
		<key>EEC2087A1777568900EE0B5A</key>
		<dict>
			<key>buildActionMask</key>
			<string>2147483647</string>
			<key>files</key>
			<array>
				<string>EEC2088A1777568900EE0B5A</string>
				<string>EEE1B94118100A0400E40FD9</string>
				<string>EEE1B95318100A0400E40FD9</string>
				<string>EEE1B94018100A0400E40FD9</string>
				<string>EEE1B94818100A0400E40FD9</string>
				<string>EEE1B94418100A0400E40FD9</string>
				<string>EEC208991777568900EE0B5A</string>
				<string>EEE1B94F18100A0400E40FD9</string>
				<string>EEE1B94918100A0400E40FD9</string>
				<string>EEE1B93E18100A0400E40FD9</string>
				<string>EEE1B94218100A0400E40FD9</string>
				<string>EEE1B95118100A0400E40FD9</string>
				<string>EEE1B94A18100A0400E40FD9</string>
				<string>EEE1B95018100A0400E40FD9</string>
				<string>EEE1B94C18100A0400E40FD9</string>
				<string>EED88EC817D26E3000611EAF</string>
				<string>EEE1B94E18100A0400E40FD9</string>
				<string>EEE1B94618100A0400E40FD9</string>
				<string>EEE1B94D18100A0400E40FD9</string>
				<string>EEE1B95418100A0400E40FD9</string>
				<string>EEE1B94718100A0400E40FD9</string>
				<string>EEE1B93F18100A0400E40FD9</string>
				<string>EEE1B94B18100A0400E40FD9</string>
				<string>EEE1B93D18100A0400E40FD9</string>
				<string>EEE1B94318100A0400E40FD9</string>
				<string>EEE1B94518100A0400E40FD9</string>
				<string>EEE1B95218100A0400E40FD9</string>
			</array>
			<key>isa</key>
			<string>PBXResourcesBuildPhase</string>
			<key>runOnlyForDeploymentPostprocessing</key>
			<string>0</string>
		</dict>
		<key>EEC2087B1777568900EE0B5A</key>
		<dict>
			<key>buildConfigurationList</key>
			<string>EEC208AA1777568900EE0B5A</string>
			<key>buildPhases</key>
			<array>
				<string>EEC208791777568900EE0B5A</string>
				<string>EE947D711800A4C400E43760</string>
				<string>EEC208781777568900EE0B5A</string>
				<string>EEC2087A1777568900EE0B5A</string>
				<string>OBJCLEANCUSTOMRUNSCRIPTT</string>
			</array>
			<key>buildRules</key>
			<array/>
			<key>dependencies</key>
			<array/>
			<key>isa</key>
			<string>PBXNativeTarget</string>
			<key>name</key>
			<string>AssuranceHVAC</string>
			<key>productName</key>
			<string>AssuranceHVAC</string>
			<key>productReference</key>
			<string>EEC2087C1777568900EE0B5A</string>
			<key>productType</key>
			<string>com.apple.product-type.application</string>
		</dict>
		<key>EEC2087C1777568900EE0B5A</key>
		<dict>
			<key>explicitFileType</key>
			<string>wrapper.application</string>
			<key>includeInIndex</key>
			<string>0</string>
			<key>isa</key>
			<string>PBXFileReference</string>
			<key>path</key>
			<string>AssuranceHVAC.app</string>
			<key>sourceTree</key>
			<string>BUILT_PRODUCTS_DIR</string>
		</dict>
		<key>EEC2087D1777568900EE0B5A</key>
		<dict>
			<key>children</key>
			<array>
				<string>EEC2087C1777568900EE0B5A</string>
				<string>EE796BAE18283BFB0008D09A</string>
			</array>
			<key>isa</key>
			<string>PBXGroup</string>
			<key>name</key>
			<string>Products</string>
			<key>sourceTree</key>
			<string>&lt;group&gt;</string>
		</dict>
		<key>EEC208851777568900EE0B5A</key>
		<dict>
			<key>children</key>
			<array>
				<string>EEC208971777568900EE0B5A</string>
				<string>EE30024717FE5CD400A7A847</string>
				<string>EEEB709317DBFFEA005DD90F</string>
				<string>EEEB709217DBFFD9005DD90F</string>
				<string>EEEB709417DBFFEE005DD90F</string>
				<string>EED88EC717D26E3000611EAF</string>
				<string>EEC208861777568900EE0B5A</string>
			</array>
			<key>isa</key>
			<string>PBXGroup</string>
			<key>path</key>
			<string>AssuranceHVAC</string>
			<key>sourceTree</key>
			<string>&lt;group&gt;</string>
		</dict>
		<key>EEC208861777568900EE0B5A</key>
		<dict>
			<key>children</key>
			<array>
				<string>EEC208871777568900EE0B5A</string>
				<string>EEC208881777568900EE0B5A</string>
				<string>EEC2088B1777568900EE0B5A</string>
				<string>EEC2088D1777568900EE0B5A</string>
			</array>
			<key>isa</key>
			<string>PBXGroup</string>
			<key>name</key>
			<string>Supporting Files</string>
			<key>sourceTree</key>
			<string>&lt;group&gt;</string>
		</dict>
		<key>EEC208871777568900EE0B5A</key>
		<dict>
			<key>isa</key>
			<string>PBXFileReference</string>
			<key>lastKnownFileType</key>
			<string>text.plist.xml</string>
			<key>path</key>
			<string>AssuranceHVAC-Info.plist</string>
			<key>sourceTree</key>
			<string>&lt;group&gt;</string>
		</dict>
		<key>EEC208881777568900EE0B5A</key>
		<dict>
			<key>children</key>
			<array>
				<string>EEC208891777568900EE0B5A</string>
			</array>
			<key>isa</key>
			<string>PBXVariantGroup</string>
			<key>name</key>
			<string>InfoPlist.strings</string>
			<key>sourceTree</key>
			<string>&lt;group&gt;</string>
		</dict>
		<key>EEC208891777568900EE0B5A</key>
		<dict>
			<key>isa</key>
			<string>PBXFileReference</string>
			<key>lastKnownFileType</key>
			<string>text.plist.strings</string>
			<key>name</key>
			<string>en</string>
			<key>path</key>
			<string>en.lproj/InfoPlist.strings</string>
			<key>sourceTree</key>
			<string>&lt;group&gt;</string>
		</dict>
		<key>EEC2088A1777568900EE0B5A</key>
		<dict>
			<key>fileRef</key>
			<string>EEC208881777568900EE0B5A</string>
			<key>isa</key>
			<string>PBXBuildFile</string>
		</dict>
		<key>EEC2088B1777568900EE0B5A</key>
		<dict>
			<key>isa</key>
			<string>PBXFileReference</string>
			<key>lastKnownFileType</key>
			<string>sourcecode.c.objc</string>
			<key>path</key>
			<string>main.m</string>
			<key>sourceTree</key>
			<string>&lt;group&gt;</string>
		</dict>
		<key>EEC2088C1777568900EE0B5A</key>
		<dict>
			<key>fileRef</key>
			<string>EEC2088B1777568900EE0B5A</string>
			<key>isa</key>
			<string>PBXBuildFile</string>
		</dict>
		<key>EEC2088D1777568900EE0B5A</key>
		<dict>
			<key>isa</key>
			<string>PBXFileReference</string>
			<key>lastKnownFileType</key>
			<string>sourcecode.c.h</string>
			<key>path</key>
			<string>AssuranceHVAC-Prefix.pch</string>
			<key>sourceTree</key>
			<string>&lt;group&gt;</string>
		</dict>
		<key>EEC2088E1777568900EE0B5A</key>
		<dict>
			<key>isa</key>
			<string>PBXFileReference</string>
			<key>lastKnownFileType</key>
			<string>sourcecode.c.h</string>
			<key>path</key>
			<string>AppDelegate.h</string>
			<key>sourceTree</key>
			<string>&lt;group&gt;</string>
		</dict>
		<key>EEC2088F1777568900EE0B5A</key>
		<dict>
			<key>isa</key>
			<string>PBXFileReference</string>
			<key>lastKnownFileType</key>
			<string>sourcecode.c.objc</string>
			<key>path</key>
			<string>AppDelegate.m</string>
			<key>sourceTree</key>
			<string>&lt;group&gt;</string>
		</dict>
		<key>EEC208901777568900EE0B5A</key>
		<dict>
			<key>fileRef</key>
			<string>EEC2088F1777568900EE0B5A</string>
			<key>isa</key>
			<string>PBXBuildFile</string>
		</dict>
		<key>EEC208971777568900EE0B5A</key>
		<dict>
			<key>children</key>
			<array>
				<string>EEC208981777568900EE0B5A</string>
			</array>
			<key>isa</key>
			<string>PBXVariantGroup</string>
			<key>name</key>
			<string>MainStoryboard.storyboard</string>
			<key>sourceTree</key>
			<string>&lt;group&gt;</string>
		</dict>
		<key>EEC208981777568900EE0B5A</key>
		<dict>
			<key>isa</key>
			<string>PBXFileReference</string>
			<key>lastKnownFileType</key>
			<string>file.storyboard</string>
			<key>name</key>
			<string>en</string>
			<key>path</key>
			<string>en.lproj/MainStoryboard.storyboard</string>
			<key>sourceTree</key>
			<string>&lt;group&gt;</string>
		</dict>
		<key>EEC208991777568900EE0B5A</key>
		<dict>
			<key>fileRef</key>
			<string>EEC208971777568900EE0B5A</string>
			<key>isa</key>
			<string>PBXBuildFile</string>
		</dict>
		<key>EEC208A81777568900EE0B5A</key>
		<dict>
			<key>buildSettings</key>
			<dict>
				<key>ALWAYS_SEARCH_USER_PATHS</key>
				<string>NO</string>
				<key>CLANG_CXX_LANGUAGE_STANDARD</key>
				<string>gnu++0x</string>
				<key>CLANG_CXX_LIBRARY</key>
				<string>libc++</string>
				<key>CLANG_ENABLE_OBJC_ARC</key>
				<string>YES</string>
				<key>CLANG_WARN_CONSTANT_CONVERSION</key>
				<string>YES</string>
				<key>CLANG_WARN_EMPTY_BODY</key>
				<string>YES</string>
				<key>CLANG_WARN_ENUM_CONVERSION</key>
				<string>YES</string>
				<key>CLANG_WARN_INT_CONVERSION</key>
				<string>YES</string>
				<key>CLANG_WARN__DUPLICATE_METHOD_MATCH</key>
				<string>YES</string>
				<key>CODE_SIGN_IDENTITY</key>
				<string>iPhone Developer</string>
				<key>CODE_SIGN_IDENTITY[sdk=iphoneos*]</key>
				<string>iPhone Developer</string>
				<key>COPY_PHASE_STRIP</key>
				<string>NO</string>
				<key>GCC_C_LANGUAGE_STANDARD</key>
				<string>gnu99</string>
				<key>GCC_DYNAMIC_NO_PIC</key>
				<string>NO</string>
				<key>GCC_OPTIMIZATION_LEVEL</key>
				<string>0</string>
				<key>GCC_PREPROCESSOR_DEFINITIONS</key>
				<array>
					<string>DEBUG=1</string>
					<string>$(inherited)</string>
				</array>
				<key>GCC_SYMBOLS_PRIVATE_EXTERN</key>
				<string>NO</string>
				<key>GCC_WARN_ABOUT_RETURN_TYPE</key>
				<string>YES</string>
				<key>GCC_WARN_UNINITIALIZED_AUTOS</key>
				<string>YES</string>
				<key>GCC_WARN_UNUSED_VARIABLE</key>
				<string>YES</string>
				<key>IPHONEOS_DEPLOYMENT_TARGET</key>
				<string>6.0</string>
				<key>ONLY_ACTIVE_ARCH</key>
				<string>YES</string>
				<key>SDKROOT</key>
				<string>iphoneos</string>
			</dict>
			<key>isa</key>
			<string>XCBuildConfiguration</string>
			<key>name</key>
			<string>Debug</string>
		</dict>
		<key>EEC208A91777568900EE0B5A</key>
		<dict>
			<key>buildSettings</key>
			<dict>
				<key>ALWAYS_SEARCH_USER_PATHS</key>
				<string>NO</string>
				<key>CLANG_CXX_LANGUAGE_STANDARD</key>
				<string>gnu++0x</string>
				<key>CLANG_CXX_LIBRARY</key>
				<string>libc++</string>
				<key>CLANG_ENABLE_OBJC_ARC</key>
				<string>YES</string>
				<key>CLANG_WARN_CONSTANT_CONVERSION</key>
				<string>YES</string>
				<key>CLANG_WARN_EMPTY_BODY</key>
				<string>YES</string>
				<key>CLANG_WARN_ENUM_CONVERSION</key>
				<string>YES</string>
				<key>CLANG_WARN_INT_CONVERSION</key>
				<string>YES</string>
				<key>CLANG_WARN__DUPLICATE_METHOD_MATCH</key>
				<string>YES</string>
				<key>CODE_SIGN_IDENTITY</key>
				<string>iPhone Distribution</string>
				<key>CODE_SIGN_IDENTITY[sdk=iphoneos*]</key>
				<string>iPhone Distribution</string>
				<key>COPY_PHASE_STRIP</key>
				<string>YES</string>
				<key>GCC_C_LANGUAGE_STANDARD</key>
				<string>gnu99</string>
				<key>GCC_WARN_ABOUT_RETURN_TYPE</key>
				<string>YES</string>
				<key>GCC_WARN_UNINITIALIZED_AUTOS</key>
				<string>YES</string>
				<key>GCC_WARN_UNUSED_VARIABLE</key>
				<string>YES</string>
				<key>IPHONEOS_DEPLOYMENT_TARGET</key>
				<string>6.0</string>
				<key>OTHER_CFLAGS</key>
				<string>-DNS_BLOCK_ASSERTIONS=1</string>
				<key>SDKROOT</key>
				<string>iphoneos</string>
				<key>VALIDATE_PRODUCT</key>
				<string>YES</string>
			</dict>
			<key>isa</key>
			<string>XCBuildConfiguration</string>
			<key>name</key>
			<string>Release</string>
		</dict>
		<key>EEC208AA1777568900EE0B5A</key>
		<dict>
			<key>buildConfigurations</key>
			<array>
				<string>EEC208AB1777568900EE0B5A</string>
				<string>EEC208AC1777568900EE0B5A</string>
			</array>
			<key>defaultConfigurationIsVisible</key>
			<string>0</string>
			<key>defaultConfigurationName</key>
			<string>Release</string>
			<key>isa</key>
			<string>XCConfigurationList</string>
		</dict>
		<key>EEC208AB1777568900EE0B5A</key>
		<dict>
			<key>buildSettings</key>
			<dict>
				<key>ASSETCATALOG_COMPILER_APPICON_NAME</key>
				<string>AppIcon</string>
				<key>ASSETCATALOG_COMPILER_LAUNCHIMAGE_NAME</key>
				<string>LaunchImage</string>
				<key>CLANG_ENABLE_MODULES</key>
				<string>YES</string>
				<key>CLANG_ENABLE_OBJC_ARC</key>
				<string>YES</string>
				<key>CODE_SIGN_IDENTITY</key>
				<string>iPhone Developer</string>
				<key>CODE_SIGN_IDENTITY[sdk=iphoneos*]</key>
				<string>iPhone Developer</string>
				<key>FRAMEWORK_SEARCH_PATHS</key>
				<array>
					<string>$(inherited)</string>
					<string>$(DEVELOPER_FRAMEWORKS_DIR)</string>
				</array>
				<key>GCC_PRECOMPILE_PREFIX_HEADER</key>
				<string>YES</string>
				<key>GCC_PREFIX_HEADER</key>
				<string>AssuranceHVAC/AssuranceHVAC-Prefix.pch</string>
				<key>INFOPLIST_FILE</key>
				<string>AssuranceHVAC/AssuranceHVAC-Info.plist</string>
				<key>IPHONEOS_DEPLOYMENT_TARGET</key>
				<string>7.0</string>
				<key>LIBRARY_SEARCH_PATHS</key>
				<array>
					<string>$(inherited)</string>
					<string>/Users/coryginsberg/Documents/Apps/AssuranceHVAC/AssuranceHVAC/helpshift-ios-3.1.2</string>
					<string>/Users/coryginsberg/Documents/Apps/AssuranceHVAC/AssuranceHVAC</string>
				</array>
				<key>PRODUCT_NAME</key>
				<string>$(TARGET_NAME)</string>
				<key>PROVISIONING_PROFILE</key>
				<string>DE8B7B69-9A37-4131-BBDD-23CC2CDF3E02</string>
				<key>PROVISIONING_PROFILE[sdk=iphoneos*]</key>
				<string>DE8B7B69-9A37-4131-BBDD-23CC2CDF3E02</string>
				<key>SDKROOT</key>
				<string>iphoneos</string>
				<key>WRAPPER_EXTENSION</key>
				<string>app</string>
			</dict>
			<key>isa</key>
			<string>XCBuildConfiguration</string>
			<key>name</key>
			<string>Debug</string>
		</dict>
		<key>EEC208AC1777568900EE0B5A</key>
		<dict>
			<key>buildSettings</key>
			<dict>
				<key>ASSETCATALOG_COMPILER_APPICON_NAME</key>
				<string>AppIcon</string>
				<key>ASSETCATALOG_COMPILER_LAUNCHIMAGE_NAME</key>
				<string>LaunchImage</string>
				<key>CLANG_ENABLE_MODULES</key>
				<string>YES</string>
				<key>CLANG_ENABLE_OBJC_ARC</key>
				<string>YES</string>
				<key>CODE_SIGN_IDENTITY</key>
				<string>iPhone Distribution</string>
				<key>CODE_SIGN_IDENTITY[sdk=iphoneos*]</key>
				<string></string>
				<key>FRAMEWORK_SEARCH_PATHS</key>
				<array>
					<string>$(inherited)</string>
					<string>$(DEVELOPER_FRAMEWORKS_DIR)</string>
				</array>
				<key>GCC_PRECOMPILE_PREFIX_HEADER</key>
				<string>YES</string>
				<key>GCC_PREFIX_HEADER</key>
				<string>AssuranceHVAC/AssuranceHVAC-Prefix.pch</string>
				<key>INFOPLIST_FILE</key>
				<string>AssuranceHVAC/AssuranceHVAC-Info.plist</string>
				<key>IPHONEOS_DEPLOYMENT_TARGET</key>
				<string>7.0</string>
				<key>LIBRARY_SEARCH_PATHS</key>
				<array>
					<string>$(inherited)</string>
					<string>/Users/coryginsberg/Documents/Apps/AssuranceHVAC/AssuranceHVAC/helpshift-ios-3.1.2</string>
					<string>/Users/coryginsberg/Documents/Apps/AssuranceHVAC/AssuranceHVAC</string>
				</array>
				<key>PRODUCT_NAME</key>
				<string>$(TARGET_NAME)</string>
				<key>PROVISIONING_PROFILE</key>
				<string>A5BADF69-71DE-4CAC-B3EC-1055363E40F4</string>
				<key>PROVISIONING_PROFILE[sdk=iphoneos*]</key>
				<string>A5BADF69-71DE-4CAC-B3EC-1055363E40F4</string>
				<key>SDKROOT</key>
				<string>iphoneos</string>
				<key>WRAPPER_EXTENSION</key>
				<string>app</string>
			</dict>
			<key>isa</key>
			<string>XCBuildConfiguration</string>
			<key>name</key>
			<string>Release</string>
		</dict>
		<key>EEC6B54217D4433A003B3EEE</key>
		<dict>
			<key>children</key>
			<array>
				<string>EEC6B54317D4433A003B3EEE</string>
				<string>EEC6B54417D4433A003B3EEE</string>
				<string>EEC6B54517D4433A003B3EEE</string>
				<string>EEC6B54617D4433A003B3EEE</string>
				<string>EEC6B54717D4433A003B3EEE</string>
			</array>
			<key>isa</key>
			<string>PBXGroup</string>
			<key>path</key>
			<string>DPTextField</string>
			<key>sourceTree</key>
			<string>&lt;group&gt;</string>
		</dict>
		<key>EEC6B54317D4433A003B3EEE</key>
		<dict>
			<key>fileEncoding</key>
			<string>4</string>
			<key>isa</key>
			<string>PBXFileReference</string>
			<key>lastKnownFileType</key>
			<string>sourcecode.c.h</string>
			<key>path</key>
			<string>DPTextField.h</string>
			<key>sourceTree</key>
			<string>&lt;group&gt;</string>
		</dict>
		<key>EEC6B54417D4433A003B3EEE</key>
		<dict>
			<key>fileEncoding</key>
			<string>4</string>
			<key>isa</key>
			<string>PBXFileReference</string>
			<key>lastKnownFileType</key>
			<string>sourcecode.c.objc</string>
			<key>path</key>
			<string>DPTextField.m</string>
			<key>sourceTree</key>
			<string>&lt;group&gt;</string>
		</dict>
		<key>EEC6B54517D4433A003B3EEE</key>
		<dict>
			<key>fileEncoding</key>
			<string>4</string>
			<key>isa</key>
			<string>PBXFileReference</string>
			<key>lastKnownFileType</key>
			<string>sourcecode.c.h</string>
			<key>path</key>
			<string>DPTextFieldAutoFillDataSource.h</string>
			<key>sourceTree</key>
			<string>&lt;group&gt;</string>
		</dict>
		<key>EEC6B54617D4433A003B3EEE</key>
		<dict>
			<key>fileEncoding</key>
			<string>4</string>
			<key>isa</key>
			<string>PBXFileReference</string>
			<key>lastKnownFileType</key>
			<string>sourcecode.c.h</string>
			<key>path</key>
			<string>DPTextFieldAutoFillInputView.h</string>
			<key>sourceTree</key>
			<string>&lt;group&gt;</string>
		</dict>
		<key>EEC6B54717D4433A003B3EEE</key>
		<dict>
			<key>fileEncoding</key>
			<string>4</string>
			<key>isa</key>
			<string>PBXFileReference</string>
			<key>lastKnownFileType</key>
			<string>sourcecode.c.objc</string>
			<key>path</key>
			<string>DPTextFieldAutoFillInputView.m</string>
			<key>sourceTree</key>
			<string>&lt;group&gt;</string>
		</dict>
		<key>EEC6B54817D4433A003B3EEE</key>
		<dict>
			<key>fileRef</key>
			<string>EEC6B54417D4433A003B3EEE</string>
			<key>isa</key>
			<string>PBXBuildFile</string>
		</dict>
		<key>EEC6B54917D4433A003B3EEE</key>
		<dict>
			<key>fileRef</key>
			<string>EEC6B54717D4433A003B3EEE</string>
			<key>isa</key>
			<string>PBXBuildFile</string>
		</dict>
		<key>EED88EC717D26E3000611EAF</key>
		<dict>
			<key>isa</key>
			<string>PBXFileReference</string>
			<key>lastKnownFileType</key>
			<string>folder.assetcatalog</string>
			<key>path</key>
			<string>Images.xcassets</string>
			<key>sourceTree</key>
			<string>&lt;group&gt;</string>
		</dict>
		<key>EED88EC817D26E3000611EAF</key>
		<dict>
			<key>fileRef</key>
			<string>EED88EC717D26E3000611EAF</string>
			<key>isa</key>
			<string>PBXBuildFile</string>
		</dict>
		<key>EEDB5D0617B4A40D003E8E3C</key>
		<dict>
			<key>fileEncoding</key>
			<string>4</string>
			<key>isa</key>
			<string>PBXFileReference</string>
			<key>lastKnownFileType</key>
			<string>sourcecode.c.h</string>
			<key>path</key>
			<string>AboutUsViewController.h</string>
			<key>sourceTree</key>
			<string>&lt;group&gt;</string>
		</dict>
		<key>EEDB5D0717B4A40D003E8E3C</key>
		<dict>
			<key>fileEncoding</key>
			<string>4</string>
			<key>isa</key>
			<string>PBXFileReference</string>
			<key>lastKnownFileType</key>
			<string>sourcecode.c.objc</string>
			<key>path</key>
			<string>AboutUsViewController.m</string>
			<key>sourceTree</key>
			<string>&lt;group&gt;</string>
		</dict>
		<key>EEDB5D0817B4A40D003E8E3C</key>
		<dict>
			<key>fileRef</key>
			<string>EEDB5D0717B4A40D003E8E3C</string>
			<key>isa</key>
			<string>PBXBuildFile</string>
		</dict>
		<key>EEDB5D0D17B4B038003E8E3C</key>
		<dict>
			<key>fileEncoding</key>
			<string>4</string>
			<key>isa</key>
			<string>PBXFileReference</string>
			<key>lastKnownFileType</key>
			<string>sourcecode.c.h</string>
			<key>path</key>
			<string>AssuranceContact.h</string>
			<key>sourceTree</key>
			<string>&lt;group&gt;</string>
		</dict>
		<key>EEDB5D0E17B4B038003E8E3C</key>
		<dict>
			<key>fileEncoding</key>
			<string>4</string>
			<key>isa</key>
			<string>PBXFileReference</string>
			<key>lastKnownFileType</key>
			<string>sourcecode.c.objc</string>
			<key>path</key>
			<string>AssuranceContact.m</string>
			<key>sourceTree</key>
			<string>&lt;group&gt;</string>
		</dict>
		<key>EEDB5D0F17B4B038003E8E3C</key>
		<dict>
			<key>fileRef</key>
			<string>EEDB5D0E17B4B038003E8E3C</string>
			<key>isa</key>
			<string>PBXBuildFile</string>
		</dict>
		<key>EEDB5D1017B553F7003E8E3C</key>
		<dict>
			<key>fileEncoding</key>
			<string>4</string>
			<key>isa</key>
			<string>PBXFileReference</string>
			<key>lastKnownFileType</key>
			<string>sourcecode.c.h</string>
			<key>path</key>
			<string>ServiceInfoViewController.h</string>
			<key>sourceTree</key>
			<string>&lt;group&gt;</string>
		</dict>
		<key>EEDB5D1117B553F7003E8E3C</key>
		<dict>
			<key>fileEncoding</key>
			<string>4</string>
			<key>isa</key>
			<string>PBXFileReference</string>
			<key>lastKnownFileType</key>
			<string>sourcecode.c.objc</string>
			<key>path</key>
			<string>ServiceInfoViewController.m</string>
			<key>sourceTree</key>
			<string>&lt;group&gt;</string>
		</dict>
		<key>EEDB5D1217B553F7003E8E3C</key>
		<dict>
			<key>fileRef</key>
			<string>EEDB5D1117B553F7003E8E3C</string>
			<key>isa</key>
			<string>PBXBuildFile</string>
		</dict>
		<key>EEDB5D1317B55402003E8E3C</key>
		<dict>
			<key>children</key>
			<array>
				<string>EE272EAC179F136900EC102D</string>
				<string>EE272EAD179F136900EC102D</string>
				<string>EEDB5D1017B553F7003E8E3C</string>
				<string>EEDB5D1117B553F7003E8E3C</string>
				<string>EE6A8F4B179DDC7C0075D810</string>
				<string>EE6A8F4C179DDC7C0075D810</string>
			</array>
			<key>isa</key>
			<string>PBXGroup</string>
			<key>name</key>
			<string>Service Request</string>
			<key>sourceTree</key>
			<string>&lt;group&gt;</string>
		</dict>
		<key>EEDF8EE6177DE6DD00325257</key>
		<dict>
			<key>children</key>
			<array>
				<string>EE4D2F1917AAE8BC00EEE6D1</string>
				<string>EE4D2F1A17AAE8BC00EEE6D1</string>
				<string>EE947D9F1801FF6800E43760</string>
				<string>EE947DA01801FF6800E43760</string>
				<string>EEDB5D1317B55402003E8E3C</string>
			</array>
			<key>isa</key>
			<string>PBXGroup</string>
			<key>name</key>
			<string>Contact Us View Controller</string>
			<key>sourceTree</key>
			<string>&lt;group&gt;</string>
		</dict>
		<key>EEE1B91618100A0400E40FD9</key>
		<dict>
			<key>children</key>
			<array>
				<string>EEE1B91718100A0400E40FD9</string>
				<string>EEE1B91818100A0400E40FD9</string>
				<string>EEE1B91918100A0400E40FD9</string>
				<string>EEE1B93918100A0400E40FD9</string>
				<string>EEE1B93C18100A0400E40FD9</string>
			</array>
			<key>isa</key>
			<string>PBXGroup</string>
			<key>path</key>
			<string>helpshift-ios-3.1.2</string>
			<key>sourceTree</key>
			<string>&lt;group&gt;</string>
		</dict>
		<key>EEE1B91718100A0400E40FD9</key>
		<dict>
			<key>fileEncoding</key>
			<string>4</string>
			<key>isa</key>
			<string>PBXFileReference</string>
			<key>lastKnownFileType</key>
			<string>text</string>
			<key>path</key>
			<string>3.1.2-release.txt</string>
			<key>sourceTree</key>
			<string>&lt;group&gt;</string>
		</dict>
		<key>EEE1B91818100A0400E40FD9</key>
		<dict>
			<key>fileEncoding</key>
			<string>4</string>
			<key>isa</key>
			<string>PBXFileReference</string>
			<key>lastKnownFileType</key>
			<string>sourcecode.c.h</string>
			<key>path</key>
			<string>Helpshift.h</string>
			<key>sourceTree</key>
			<string>&lt;group&gt;</string>
		</dict>
		<key>EEE1B91918100A0400E40FD9</key>
		<dict>
			<key>children</key>
			<array>
				<string>EEE1B91A18100A0400E40FD9</string>
				<string>EEE1B91F18100A0400E40FD9</string>
				<string>EEE1B92018100A0400E40FD9</string>
				<string>EEE1B92118100A0400E40FD9</string>
				<string>EEE1B92218100A0400E40FD9</string>
				<string>EEE1B92318100A0400E40FD9</string>
				<string>EEE1B92418100A0400E40FD9</string>
				<string>EEE1B92518100A0400E40FD9</string>
				<string>EEE1B92618100A0400E40FD9</string>
				<string>EEE1B92718100A0400E40FD9</string>
				<string>EEE1B92818100A0400E40FD9</string>
				<string>EEE1B92918100A0400E40FD9</string>
				<string>EEE1B92A18100A0400E40FD9</string>
				<string>EEE1B92B18100A0400E40FD9</string>
				<string>EEE1B92C18100A0400E40FD9</string>
				<string>EEE1B92D18100A0400E40FD9</string>
				<string>EEE1B92E18100A0400E40FD9</string>
				<string>EEE1B92F18100A0400E40FD9</string>
				<string>EEE1B93018100A0400E40FD9</string>
				<string>EEE1B93118100A0400E40FD9</string>
				<string>EEE1B93218100A0400E40FD9</string>
			</array>
			<key>isa</key>
			<string>PBXGroup</string>
			<key>path</key>
			<string>HSResources</string>
			<key>sourceTree</key>
			<string>&lt;group&gt;</string>
		</dict>
		<key>EEE1B91A18100A0400E40FD9</key>
		<dict>
			<key>children</key>
			<array>
				<string>EEE1B91B18100A0400E40FD9</string>
				<string>EEE1B91C18100A0400E40FD9</string>
				<string>EEE1B91D18100A0400E40FD9</string>
				<string>EEE1B91E18100A0400E40FD9</string>
				<string>EEE1B93318100A0400E40FD9</string>
				<string>EEE1B93418100A0400E40FD9</string>
				<string>EEE1B93518100A0400E40FD9</string>
				<string>EEE1B93618100A0400E40FD9</string>
				<string>EEE1B93718100A0400E40FD9</string>
				<string>EEE1B93818100A0400E40FD9</string>
			</array>
			<key>isa</key>
			<string>PBXVariantGroup</string>
			<key>name</key>
			<string>HelpshiftLocalizable.strings</string>
			<key>sourceTree</key>
			<string>&lt;group&gt;</string>
		</dict>
		<key>EEE1B91B18100A0400E40FD9</key>
		<dict>
			<key>isa</key>
			<string>PBXFileReference</string>
			<key>lastKnownFileType</key>
			<string>text.plist.strings</string>
			<key>name</key>
			<string>de</string>
			<key>path</key>
			<string>de.lproj/HelpshiftLocalizable.strings</string>
			<key>sourceTree</key>
			<string>&lt;group&gt;</string>
		</dict>
		<key>EEE1B91C18100A0400E40FD9</key>
		<dict>
			<key>isa</key>
			<string>PBXFileReference</string>
			<key>lastKnownFileType</key>
			<string>text.plist.strings</string>
			<key>name</key>
			<string>en</string>
			<key>path</key>
			<string>en.lproj/HelpshiftLocalizable.strings</string>
			<key>sourceTree</key>
			<string>&lt;group&gt;</string>
		</dict>
		<key>EEE1B91D18100A0400E40FD9</key>
		<dict>
			<key>isa</key>
			<string>PBXFileReference</string>
			<key>lastKnownFileType</key>
			<string>text.plist.strings</string>
			<key>name</key>
			<string>es</string>
			<key>path</key>
			<string>es.lproj/HelpshiftLocalizable.strings</string>
			<key>sourceTree</key>
			<string>&lt;group&gt;</string>
		</dict>
		<key>EEE1B91E18100A0400E40FD9</key>
		<dict>
			<key>isa</key>
			<string>PBXFileReference</string>
			<key>lastKnownFileType</key>
			<string>text.plist.strings</string>
			<key>name</key>
			<string>fr</string>
			<key>path</key>
			<string>fr.lproj/HelpshiftLocalizable.strings</string>
			<key>sourceTree</key>
			<string>&lt;group&gt;</string>
		</dict>
		<key>EEE1B91F18100A0400E40FD9</key>
		<dict>
			<key>isa</key>
			<string>PBXFileReference</string>
			<key>lastKnownFileType</key>
			<string>image.png</string>
			<key>path</key>
			<string>HS-background-tile.png</string>
			<key>sourceTree</key>
			<string>&lt;group&gt;</string>
		</dict>
		<key>EEE1B92018100A0400E40FD9</key>
		<dict>
			<key>isa</key>
			<string>PBXFileReference</string>
			<key>lastKnownFileType</key>
			<string>image.png</string>
			<key>path</key>
			<string>HS-background-tile@2x.png</string>
			<key>sourceTree</key>
			<string>&lt;group&gt;</string>
		</dict>
		<key>EEE1B92118100A0400E40FD9</key>
		<dict>
			<key>isa</key>
			<string>PBXFileReference</string>
			<key>lastKnownFileType</key>
			<string>image.png</string>
			<key>path</key>
			<string>HS-no-connection.png</string>
			<key>sourceTree</key>
			<string>&lt;group&gt;</string>
		</dict>
		<key>EEE1B92218100A0400E40FD9</key>
		<dict>
			<key>isa</key>
			<string>PBXFileReference</string>
			<key>lastKnownFileType</key>
			<string>image.png</string>
			<key>path</key>
			<string>HS-no-connection@2x.png</string>
			<key>sourceTree</key>
			<string>&lt;group&gt;</string>
		</dict>
		<key>EEE1B92318100A0400E40FD9</key>
		<dict>
			<key>isa</key>
			<string>PBXFileReference</string>
			<key>lastKnownFileType</key>
			<string>image.png</string>
			<key>path</key>
			<string>HS-powered-by-logo.png</string>
			<key>sourceTree</key>
			<string>&lt;group&gt;</string>
		</dict>
		<key>EEE1B92418100A0400E40FD9</key>
		<dict>
			<key>isa</key>
			<string>PBXFileReference</string>
			<key>lastKnownFileType</key>
			<string>image.png</string>
			<key>path</key>
			<string>HS-powered-by-logo@2x.png</string>
			<key>sourceTree</key>
			<string>&lt;group&gt;</string>
		</dict>
		<key>EEE1B92518100A0400E40FD9</key>
		<dict>
			<key>isa</key>
			<string>PBXFileReference</string>
			<key>lastKnownFileType</key>
			<string>image.png</string>
			<key>path</key>
			<string>HS-screenshot-error.png</string>
			<key>sourceTree</key>
			<string>&lt;group&gt;</string>
		</dict>
		<key>EEE1B92618100A0400E40FD9</key>
		<dict>
			<key>isa</key>
			<string>PBXFileReference</string>
			<key>lastKnownFileType</key>
			<string>image.png</string>
			<key>path</key>
			<string>HS-screenshot-error@2x.png</string>
			<key>sourceTree</key>
			<string>&lt;group&gt;</string>
		</dict>
		<key>EEE1B92718100A0400E40FD9</key>
		<dict>
			<key>isa</key>
			<string>PBXFileReference</string>
			<key>lastKnownFileType</key>
			<string>image.png</string>
			<key>path</key>
			<string>HS-section-header.png</string>
			<key>sourceTree</key>
			<string>&lt;group&gt;</string>
		</dict>
		<key>EEE1B92818100A0400E40FD9</key>
		<dict>
			<key>isa</key>
			<string>PBXFileReference</string>
			<key>lastKnownFileType</key>
			<string>image.png</string>
			<key>path</key>
			<string>HS-section-header@2x.png</string>
			<key>sourceTree</key>
			<string>&lt;group&gt;</string>
		</dict>
		<key>EEE1B92918100A0400E40FD9</key>
		<dict>
			<key>isa</key>
			<string>PBXFileReference</string>
			<key>lastKnownFileType</key>
			<string>image.png</string>
			<key>path</key>
			<string>HSChatBubbleBlue.png</string>
			<key>sourceTree</key>
			<string>&lt;group&gt;</string>
		</dict>
		<key>EEE1B92A18100A0400E40FD9</key>
		<dict>
			<key>isa</key>
			<string>PBXFileReference</string>
			<key>lastKnownFileType</key>
			<string>image.png</string>
			<key>path</key>
			<string>HSChatBubbleBlue@2x.png</string>
			<key>sourceTree</key>
			<string>&lt;group&gt;</string>
		</dict>
		<key>EEE1B92B18100A0400E40FD9</key>
		<dict>
			<key>isa</key>
			<string>PBXFileReference</string>
			<key>lastKnownFileType</key>
			<string>image.png</string>
			<key>path</key>
			<string>HSChatBubbleWhite.png</string>
			<key>sourceTree</key>
			<string>&lt;group&gt;</string>
		</dict>
		<key>EEE1B92C18100A0400E40FD9</key>
		<dict>
			<key>isa</key>
			<string>PBXFileReference</string>
			<key>lastKnownFileType</key>
			<string>image.png</string>
			<key>path</key>
			<string>HSChatBubbleWhite@2x.png</string>
			<key>sourceTree</key>
			<string>&lt;group&gt;</string>
		</dict>
		<key>EEE1B92D18100A0400E40FD9</key>
		<dict>
			<key>isa</key>
			<string>PBXFileReference</string>
			<key>lastKnownFileType</key>
			<string>image.png</string>
			<key>path</key>
			<string>HSConfirmBox.png</string>
			<key>sourceTree</key>
			<string>&lt;group&gt;</string>
		</dict>
		<key>EEE1B92E18100A0400E40FD9</key>
		<dict>
			<key>isa</key>
			<string>PBXFileReference</string>
			<key>lastKnownFileType</key>
			<string>image.png</string>
			<key>path</key>
			<string>HSConfirmBox@2x.png</string>
			<key>sourceTree</key>
			<string>&lt;group&gt;</string>
		</dict>
		<key>EEE1B92F18100A0400E40FD9</key>
		<dict>
			<key>isa</key>
			<string>PBXFileReference</string>
			<key>lastKnownFileType</key>
			<string>image.png</string>
			<key>path</key>
			<string>HSTutorial.png</string>
			<key>sourceTree</key>
			<string>&lt;group&gt;</string>
		</dict>
		<key>EEE1B93018100A0400E40FD9</key>
		<dict>
			<key>isa</key>
			<string>PBXFileReference</string>
			<key>lastKnownFileType</key>
			<string>image.png</string>
			<key>path</key>
			<string>HSTutorial@2x.png</string>
			<key>sourceTree</key>
			<string>&lt;group&gt;</string>
		</dict>
		<key>EEE1B93118100A0400E40FD9</key>
		<dict>
			<key>isa</key>
			<string>PBXFileReference</string>
			<key>lastKnownFileType</key>
			<string>image.png</string>
			<key>path</key>
			<string>HSTutorialiPad.png</string>
			<key>sourceTree</key>
			<string>&lt;group&gt;</string>
		</dict>
		<key>EEE1B93218100A0400E40FD9</key>
		<dict>
			<key>isa</key>
			<string>PBXFileReference</string>
			<key>lastKnownFileType</key>
			<string>image.png</string>
			<key>path</key>
			<string>HSTutorialiPad@2x.png</string>
			<key>sourceTree</key>
			<string>&lt;group&gt;</string>
		</dict>
		<key>EEE1B93318100A0400E40FD9</key>
		<dict>
			<key>isa</key>
			<string>PBXFileReference</string>
			<key>lastKnownFileType</key>
			<string>text.plist.strings</string>
			<key>name</key>
			<string>it</string>
			<key>path</key>
			<string>it.lproj/HelpshiftLocalizable.strings</string>
			<key>sourceTree</key>
			<string>&lt;group&gt;</string>
		</dict>
		<key>EEE1B93418100A0400E40FD9</key>
		<dict>
			<key>isa</key>
			<string>PBXFileReference</string>
			<key>lastKnownFileType</key>
			<string>text.plist.strings</string>
			<key>name</key>
			<string>ja</string>
			<key>path</key>
			<string>ja.lproj/HelpshiftLocalizable.strings</string>
			<key>sourceTree</key>
			<string>&lt;group&gt;</string>
		</dict>
		<key>EEE1B93518100A0400E40FD9</key>
		<dict>
			<key>isa</key>
			<string>PBXFileReference</string>
			<key>lastKnownFileType</key>
			<string>text.plist.strings</string>
			<key>name</key>
			<string>ko</string>
			<key>path</key>
			<string>ko.lproj/HelpshiftLocalizable.strings</string>
			<key>sourceTree</key>
			<string>&lt;group&gt;</string>
		</dict>
		<key>EEE1B93618100A0400E40FD9</key>
		<dict>
			<key>isa</key>
			<string>PBXFileReference</string>
			<key>lastKnownFileType</key>
			<string>text.plist.strings</string>
			<key>name</key>
			<string>pt</string>
			<key>path</key>
			<string>pt.lproj/HelpshiftLocalizable.strings</string>
			<key>sourceTree</key>
			<string>&lt;group&gt;</string>
		</dict>
		<key>EEE1B93718100A0400E40FD9</key>
		<dict>
			<key>isa</key>
			<string>PBXFileReference</string>
			<key>lastKnownFileType</key>
			<string>text.plist.strings</string>
			<key>name</key>
			<string>ru</string>
			<key>path</key>
			<string>ru.lproj/HelpshiftLocalizable.strings</string>
			<key>sourceTree</key>
			<string>&lt;group&gt;</string>
		</dict>
		<key>EEE1B93818100A0400E40FD9</key>
		<dict>
			<key>isa</key>
			<string>PBXFileReference</string>
			<key>lastKnownFileType</key>
			<string>text.plist.strings</string>
			<key>name</key>
			<string>zh-Hans</string>
			<key>path</key>
			<string>zh-Hans.lproj/HelpshiftLocalizable.strings</string>
			<key>sourceTree</key>
			<string>&lt;group&gt;</string>
		</dict>
		<key>EEE1B93918100A0400E40FD9</key>
		<dict>
			<key>children</key>
			<array>
				<string>EEE1B93A18100A0400E40FD9</string>
				<string>EEE1B93B18100A0400E40FD9</string>
			</array>
			<key>isa</key>
			<string>PBXGroup</string>
			<key>path</key>
			<string>HSThemes</string>
			<key>sourceTree</key>
			<string>&lt;group&gt;</string>
		</dict>
		<key>EEE1B93A18100A0400E40FD9</key>
		<dict>
			<key>fileEncoding</key>
			<string>4</string>
			<key>isa</key>
			<string>PBXFileReference</string>
			<key>lastKnownFileType</key>
			<string>text.plist.xml</string>
			<key>path</key>
			<string>HelpshiftConfig.plist</string>
			<key>sourceTree</key>
			<string>&lt;group&gt;</string>
		</dict>
		<key>EEE1B93B18100A0400E40FD9</key>
		<dict>
			<key>fileEncoding</key>
			<string>4</string>
			<key>isa</key>
			<string>PBXFileReference</string>
			<key>lastKnownFileType</key>
			<string>text.plist.xml</string>
			<key>path</key>
			<string>HelpshiftConfigDark.plist</string>
			<key>sourceTree</key>
			<string>&lt;group&gt;</string>
		</dict>
		<key>EEE1B93C18100A0400E40FD9</key>
		<dict>
			<key>isa</key>
			<string>PBXFileReference</string>
			<key>lastKnownFileType</key>
			<string>archive.ar</string>
			<key>path</key>
			<string>libHelpshift.a</string>
			<key>sourceTree</key>
			<string>&lt;group&gt;</string>
		</dict>
		<key>EEE1B93D18100A0400E40FD9</key>
		<dict>
			<key>fileRef</key>
			<string>EEE1B91718100A0400E40FD9</string>
			<key>isa</key>
			<string>PBXBuildFile</string>
		</dict>
		<key>EEE1B93E18100A0400E40FD9</key>
		<dict>
			<key>fileRef</key>
			<string>EEE1B91A18100A0400E40FD9</string>
			<key>isa</key>
			<string>PBXBuildFile</string>
		</dict>
		<key>EEE1B93F18100A0400E40FD9</key>
		<dict>
			<key>fileRef</key>
			<string>EEE1B91F18100A0400E40FD9</string>
			<key>isa</key>
			<string>PBXBuildFile</string>
		</dict>
		<key>EEE1B94018100A0400E40FD9</key>
		<dict>
			<key>fileRef</key>
			<string>EEE1B92018100A0400E40FD9</string>
			<key>isa</key>
			<string>PBXBuildFile</string>
		</dict>
		<key>EEE1B94118100A0400E40FD9</key>
		<dict>
			<key>fileRef</key>
			<string>EEE1B92118100A0400E40FD9</string>
			<key>isa</key>
			<string>PBXBuildFile</string>
		</dict>
		<key>EEE1B94218100A0400E40FD9</key>
		<dict>
			<key>fileRef</key>
			<string>EEE1B92218100A0400E40FD9</string>
			<key>isa</key>
			<string>PBXBuildFile</string>
		</dict>
		<key>EEE1B94318100A0400E40FD9</key>
		<dict>
			<key>fileRef</key>
			<string>EEE1B92318100A0400E40FD9</string>
			<key>isa</key>
			<string>PBXBuildFile</string>
		</dict>
		<key>EEE1B94418100A0400E40FD9</key>
		<dict>
			<key>fileRef</key>
			<string>EEE1B92418100A0400E40FD9</string>
			<key>isa</key>
			<string>PBXBuildFile</string>
		</dict>
		<key>EEE1B94518100A0400E40FD9</key>
		<dict>
			<key>fileRef</key>
			<string>EEE1B92518100A0400E40FD9</string>
			<key>isa</key>
			<string>PBXBuildFile</string>
		</dict>
		<key>EEE1B94618100A0400E40FD9</key>
		<dict>
			<key>fileRef</key>
			<string>EEE1B92618100A0400E40FD9</string>
			<key>isa</key>
			<string>PBXBuildFile</string>
		</dict>
		<key>EEE1B94718100A0400E40FD9</key>
		<dict>
			<key>fileRef</key>
			<string>EEE1B92718100A0400E40FD9</string>
			<key>isa</key>
			<string>PBXBuildFile</string>
		</dict>
		<key>EEE1B94818100A0400E40FD9</key>
		<dict>
			<key>fileRef</key>
			<string>EEE1B92818100A0400E40FD9</string>
			<key>isa</key>
			<string>PBXBuildFile</string>
		</dict>
		<key>EEE1B94918100A0400E40FD9</key>
		<dict>
			<key>fileRef</key>
			<string>EEE1B92918100A0400E40FD9</string>
			<key>isa</key>
			<string>PBXBuildFile</string>
		</dict>
		<key>EEE1B94A18100A0400E40FD9</key>
		<dict>
			<key>fileRef</key>
			<string>EEE1B92A18100A0400E40FD9</string>
			<key>isa</key>
			<string>PBXBuildFile</string>
		</dict>
		<key>EEE1B94B18100A0400E40FD9</key>
		<dict>
			<key>fileRef</key>
			<string>EEE1B92B18100A0400E40FD9</string>
			<key>isa</key>
			<string>PBXBuildFile</string>
		</dict>
		<key>EEE1B94C18100A0400E40FD9</key>
		<dict>
			<key>fileRef</key>
			<string>EEE1B92C18100A0400E40FD9</string>
			<key>isa</key>
			<string>PBXBuildFile</string>
		</dict>
		<key>EEE1B94D18100A0400E40FD9</key>
		<dict>
			<key>fileRef</key>
			<string>EEE1B92D18100A0400E40FD9</string>
			<key>isa</key>
			<string>PBXBuildFile</string>
		</dict>
		<key>EEE1B94E18100A0400E40FD9</key>
		<dict>
			<key>fileRef</key>
			<string>EEE1B92E18100A0400E40FD9</string>
			<key>isa</key>
			<string>PBXBuildFile</string>
		</dict>
		<key>EEE1B94F18100A0400E40FD9</key>
		<dict>
			<key>fileRef</key>
			<string>EEE1B92F18100A0400E40FD9</string>
			<key>isa</key>
			<string>PBXBuildFile</string>
		</dict>
		<key>EEE1B95018100A0400E40FD9</key>
		<dict>
			<key>fileRef</key>
			<string>EEE1B93018100A0400E40FD9</string>
			<key>isa</key>
			<string>PBXBuildFile</string>
		</dict>
		<key>EEE1B95118100A0400E40FD9</key>
		<dict>
			<key>fileRef</key>
			<string>EEE1B93118100A0400E40FD9</string>
			<key>isa</key>
			<string>PBXBuildFile</string>
		</dict>
		<key>EEE1B95218100A0400E40FD9</key>
		<dict>
			<key>fileRef</key>
			<string>EEE1B93218100A0400E40FD9</string>
			<key>isa</key>
			<string>PBXBuildFile</string>
		</dict>
		<key>EEE1B95318100A0400E40FD9</key>
		<dict>
			<key>fileRef</key>
			<string>EEE1B93A18100A0400E40FD9</string>
			<key>isa</key>
			<string>PBXBuildFile</string>
		</dict>
		<key>EEE1B95418100A0400E40FD9</key>
		<dict>
			<key>fileRef</key>
			<string>EEE1B93B18100A0400E40FD9</string>
			<key>isa</key>
			<string>PBXBuildFile</string>
		</dict>
		<key>EEE1B95518100A0400E40FD9</key>
		<dict>
			<key>fileRef</key>
			<string>EEE1B93C18100A0400E40FD9</string>
			<key>isa</key>
			<string>PBXBuildFile</string>
		</dict>
		<key>EEE1B95618100B3C00E40FD9</key>
		<dict>
			<key>isa</key>
			<string>PBXFileReference</string>
			<key>lastKnownFileType</key>
			<string>wrapper.framework</string>
			<key>name</key>
			<string>CoreGraphics.framework</string>
			<key>path</key>
			<string>System/Library/Frameworks/CoreGraphics.framework</string>
			<key>sourceTree</key>
			<string>SDKROOT</string>
		</dict>
		<key>EEE1B95718100B3C00E40FD9</key>
		<dict>
			<key>fileRef</key>
			<string>EEE1B95618100B3C00E40FD9</string>
			<key>isa</key>
			<string>PBXBuildFile</string>
		</dict>
		<key>EEE1B95818100BC300E40FD9</key>
		<dict>
			<key>isa</key>
			<string>PBXFileReference</string>
			<key>lastKnownFileType</key>
			<string>wrapper.framework</string>
			<key>name</key>
			<string>SystemConfiguration.framework</string>
			<key>path</key>
			<string>System/Library/Frameworks/SystemConfiguration.framework</string>
			<key>sourceTree</key>
			<string>SDKROOT</string>
		</dict>
		<key>EEE1B95918100BC300E40FD9</key>
		<dict>
			<key>fileRef</key>
			<string>EEE1B95818100BC300E40FD9</string>
			<key>isa</key>
			<string>PBXBuildFile</string>
		</dict>
		<key>EEE1B95A18100BCD00E40FD9</key>
		<dict>
			<key>isa</key>
			<string>PBXFileReference</string>
			<key>lastKnownFileType</key>
			<string>wrapper.framework</string>
			<key>name</key>
			<string>CoreText.framework</string>
			<key>path</key>
			<string>System/Library/Frameworks/CoreText.framework</string>
			<key>sourceTree</key>
			<string>SDKROOT</string>
		</dict>
		<key>EEE1B95C18100BDB00E40FD9</key>
		<dict>
			<key>isa</key>
			<string>PBXFileReference</string>
			<key>lastKnownFileType</key>
			<string>wrapper.framework</string>
			<key>name</key>
			<string>CoreTelephony.framework</string>
			<key>path</key>
			<string>System/Library/Frameworks/CoreTelephony.framework</string>
			<key>sourceTree</key>
			<string>SDKROOT</string>
		</dict>
		<key>EEE1B95E18100BEE00E40FD9</key>
		<dict>
			<key>isa</key>
			<string>PBXFileReference</string>
			<key>lastKnownFileType</key>
			<string>compiled.mach-o.dylib</string>
			<key>name</key>
			<string>libz.dylib</string>
			<key>path</key>
			<string>usr/lib/libz.dylib</string>
			<key>sourceTree</key>
			<string>SDKROOT</string>
		</dict>
		<key>EEE1B95F18100BEE00E40FD9</key>
		<dict>
			<key>fileRef</key>
			<string>EEE1B95E18100BEE00E40FD9</string>
			<key>isa</key>
			<string>PBXBuildFile</string>
		</dict>
		<key>EEE1B96018100C0000E40FD9</key>
		<dict>
			<key>isa</key>
			<string>PBXFileReference</string>
			<key>lastKnownFileType</key>
			<string>compiled.mach-o.dylib</string>
			<key>name</key>
			<string>libsqlite3.0.dylib</string>
			<key>path</key>
			<string>usr/lib/libsqlite3.0.dylib</string>
			<key>sourceTree</key>
			<string>SDKROOT</string>
		</dict>
		<key>EEE1B96118100C0000E40FD9</key>
		<dict>
			<key>fileRef</key>
			<string>EEE1B96018100C0000E40FD9</string>
			<key>isa</key>
			<string>PBXBuildFile</string>
		</dict>
		<key>EEEA525F1825B31C00F66162</key>
		<dict>
			<key>isa</key>
			<string>PBXFileReference</string>
			<key>lastKnownFileType</key>
			<string>archive.ar</string>
			<key>path</key>
			<string>libTestFlight.a</string>
			<key>sourceTree</key>
			<string>&lt;group&gt;</string>
		</dict>
		<key>EEEA52601825B31C00F66162</key>
		<dict>
			<key>fileEncoding</key>
			<string>4</string>
			<key>isa</key>
			<string>PBXFileReference</string>
			<key>lastKnownFileType</key>
			<string>sourcecode.c.h</string>
			<key>path</key>
			<string>TestFlight.h</string>
			<key>sourceTree</key>
			<string>&lt;group&gt;</string>
		</dict>
		<key>EEEA52611825B31C00F66162</key>
		<dict>
			<key>fileEncoding</key>
			<string>4</string>
			<key>isa</key>
			<string>PBXFileReference</string>
			<key>lastKnownFileType</key>
			<string>sourcecode.c.h</string>
			<key>path</key>
			<string>TestFlight+AsyncLogging.h</string>
			<key>sourceTree</key>
			<string>&lt;group&gt;</string>
		</dict>
		<key>EEEA52621825B31C00F66162</key>
		<dict>
			<key>fileEncoding</key>
			<string>4</string>
			<key>isa</key>
			<string>PBXFileReference</string>
			<key>lastKnownFileType</key>
			<string>sourcecode.c.h</string>
			<key>path</key>
			<string>TestFlight+ManualSessions.h</string>
			<key>sourceTree</key>
			<string>&lt;group&gt;</string>
		</dict>
		<key>EEEA52631825B31C00F66162</key>
		<dict>
			<key>fileRef</key>
			<string>EEEA525F1825B31C00F66162</string>
			<key>isa</key>
			<string>PBXBuildFile</string>
		</dict>
		<key>EEEB709217DBFFD9005DD90F</key>
		<dict>
			<key>children</key>
			<array>
				<string>EE9B39591826FCE700452192</string>
				<string>EEE1B91618100A0400E40FD9</string>
				<string>EEC6B54217D4433A003B3EEE</string>
				<string>EEF896D517B0A2B200C3F17A</string>
				<string>EEDB5D0D17B4B038003E8E3C</string>
				<string>EEDB5D0E17B4B038003E8E3C</string>
				<string>EE9B39561826E9DC00452192</string>
				<string>EE9B39571826E9DC00452192</string>
			</array>
			<key>isa</key>
			<string>PBXGroup</string>
			<key>name</key>
			<string>Model</string>
			<key>sourceTree</key>
			<string>&lt;group&gt;</string>
		</dict>
		<key>EEEB709317DBFFEA005DD90F</key>
		<dict>
			<key>children</key>
			<array>
				<string>EE30024617FD966000A7A847</string>
			</array>
			<key>isa</key>
			<string>PBXGroup</string>
			<key>name</key>
			<string>View</string>
			<key>sourceTree</key>
			<string>&lt;group&gt;</string>
		</dict>
		<key>EEEB709417DBFFEE005DD90F</key>
		<dict>
			<key>children</key>
			<array>
				<string>EEDF8EE6177DE6DD00325257</string>
				<string>EE9F8EA7179507A900D7C7CA</string>
			</array>
			<key>isa</key>
			<string>PBXGroup</string>
			<key>name</key>
			<string>Controller</string>
			<key>sourceTree</key>
			<string>&lt;group&gt;</string>
		</dict>
		<key>EEF896D217B0998E00C3F17A</key>
		<dict>
			<key>fileEncoding</key>
			<string>4</string>
			<key>isa</key>
			<string>PBXFileReference</string>
			<key>lastKnownFileType</key>
			<string>sourcecode.c.h</string>
			<key>path</key>
			<string>UIPlaceHolderTextView.h</string>
			<key>sourceTree</key>
			<string>&lt;group&gt;</string>
		</dict>
		<key>EEF896D317B0998E00C3F17A</key>
		<dict>
			<key>fileEncoding</key>
			<string>4</string>
			<key>isa</key>
			<string>PBXFileReference</string>
			<key>lastKnownFileType</key>
			<string>sourcecode.c.objc</string>
			<key>path</key>
			<string>UIPlaceHolderTextView.m</string>
			<key>sourceTree</key>
			<string>&lt;group&gt;</string>
		</dict>
		<key>EEF896D417B0998E00C3F17A</key>
		<dict>
			<key>fileRef</key>
			<string>EEF896D317B0998E00C3F17A</string>
			<key>isa</key>
			<string>PBXBuildFile</string>
		</dict>
		<key>EEF896D517B0A2B200C3F17A</key>
		<dict>
			<key>children</key>
			<array>
				<string>EEF896D217B0998E00C3F17A</string>
				<string>EEF896D317B0998E00C3F17A</string>
			</array>
			<key>isa</key>
			<string>PBXGroup</string>
			<key>name</key>
			<string>UI Controls subclasses</string>
			<key>sourceTree</key>
			<string>&lt;group&gt;</string>
		</dict>
		<key>OBJCLEANCUSTOMRUNSCRIPTT</key>
		<dict>
			<key>buildActionMask</key>
			<integer>2147483647</integer>
			<key>files</key>
			<array/>
			<key>inputPaths</key>
			<array/>
			<key>isa</key>
			<string>PBXShellScriptBuildPhase</string>
			<key>name</key>
			<string>Objective-Clean Run Script</string>
			<key>outputPaths</key>
			<array/>
			<key>runOnlyForDeploymentPostprocessing</key>
			<integer>0</integer>
			<key>shellPath</key>
			<string>/bin/sh</string>
			<key>shellScript</key>
			<string>"${LOCAL_APPS_DIR}"/Objective-Clean.app/Contents/Resources/ObjClean.app/Contents/MacOS/ObjClean "${SRCROOT}"</string>
		</dict>
	</dict>
	<key>rootObject</key>
	<string>EEC208741777568900EE0B5A</string>
</dict>
</plist>
